
Microsoft Visual Studio Solution File, Format Version 12.00
# Visual Studio Version 16
VisualStudioVersion = 16.0.29519.87
MinimumVisualStudioVersion = 10.0.40219.1
Project("{FAE04EC0-301F-11D3-BF4B-00C04F79EFBC}") = "CBExample2", "CBExample2\CBExample2.csproj", "{A76CE9E9-5DF6-473A-A105-0F9F2A97098D}"
EndProject
Global
	GlobalSection(SolutionConfigurationPlatforms) = preSolution
		Debug|ARM = Debug|ARM
		Debug|ARM64 = Debug|ARM64
		Debug|x64 = Debug|x64
		Debug|x86 = Debug|x86
		Release|ARM = Release|ARM
		Release|ARM64 = Release|ARM64
		Release|x64 = Release|x64
		Release|x86 = Release|x86
	EndGlobalSection
	GlobalSection(ProjectConfigurationPlatforms) = postSolution
		{A76CE9E9-5DF6-473A-A105-0F9F2A97098D}.Debug|ARM.ActiveCfg = Debug|ARM
		{A76CE9E9-5DF6-473A-A105-0F9F2A97098D}.Debug|ARM.Build.0 = Debug|ARM
		{A76CE9E9-5DF6-473A-A105-0F9F2A97098D}.Debug|ARM.Deploy.0 = Debug|ARM
		{A76CE9E9-5DF6-473A-A105-0F9F2A97098D}.Debug|ARM64.ActiveCfg = Debug|ARM64
		{A76CE9E9-5DF6-473A-A105-0F9F2A97098D}.Debug|ARM64.Build.0 = Debug|ARM64
		{A76CE9E9-5DF6-473A-A105-0F9F2A97098D}.Debug|ARM64.Deploy.0 = Debug|ARM64
		{A76CE9E9-5DF6-473A-A105-0F9F2A97098D}.Debug|x64.ActiveCfg = Debug|x64
		{A76CE9E9-5DF6-473A-A105-0F9F2A97098D}.Debug|x64.Build.0 = Debug|x64
		{A76CE9E9-5DF6-473A-A105-0F9F2A97098D}.Debug|x64.Deploy.0 = Debug|x64
		{A76CE9E9-5DF6-473A-A105-0F9F2A97098D}.Debug|x86.ActiveCfg = Debug|x86
		{A76CE9E9-5DF6-473A-A105-0F9F2A97098D}.Debug|x86.Build.0 = Debug|x86
		{A76CE9E9-5DF6-473A-A105-0F9F2A97098D}.Debug|x86.Deploy.0 = Debug|x86
		{A76CE9E9-5DF6-473A-A105-0F9F2A97098D}.Release|ARM.ActiveCfg = Release|ARM
		{A76CE9E9-5DF6-473A-A105-0F9F2A97098D}.Release|ARM.Build.0 = Release|ARM
		{A76CE9E9-5DF6-473A-A105-0F9F2A97098D}.Release|ARM.Deploy.0 = Release|ARM
		{A76CE9E9-5DF6-473A-A105-0F9F2A97098D}.Release|ARM64.ActiveCfg = Release|ARM64
		{A76CE9E9-5DF6-473A-A105-0F9F2A97098D}.Release|ARM64.Build.0 = Release|ARM64
		{A76CE9E9-5DF6-473A-A105-0F9F2A97098D}.Release|ARM64.Deploy.0 = Release|ARM64
		{A76CE9E9-5DF6-473A-A105-0F9F2A97098D}.Release|x64.ActiveCfg = Release|x64
		{A76CE9E9-5DF6-473A-A105-0F9F2A97098D}.Release|x64.Build.0 = Release|x64
		{A76CE9E9-5DF6-473A-A105-0F9F2A97098D}.Release|x64.Deploy.0 = Release|x64
		{A76CE9E9-5DF6-473A-A105-0F9F2A97098D}.Release|x86.ActiveCfg = Release|x86
		{A76CE9E9-5DF6-473A-A105-0F9F2A97098D}.Release|x86.Build.0 = Release|x86
		{A76CE9E9-5DF6-473A-A105-0F9F2A97098D}.Release|x86.Deploy.0 = Release|x86
	EndGlobalSection
	GlobalSection(SolutionProperties) = preSolution
		HideSolutionNode = FALSE
	EndGlobalSection
	GlobalSection(ExtensibilityGlobals) = postSolution
		SolutionGuid = {6F23B28A-722F-4388-B90F-7E5155F5985A}
	EndGlobalSection
EndGlobal
